
Microsoft Visual Studio Solution File, Format Version 12.00
# Visual Studio Version 16
VisualStudioVersion = 16.0.29709.97
MinimumVisualStudioVersion = 15.0.26124.0
Project("{9A19103F-16F7-4668-BE54-9A1E7A4F7556}") = "ApiAuthDemo", "ApiAuthDemo\ApiAuthDemo.csproj", "{55564851-52F7-4E0B-8D0A-7680A6BD4209}"
EndProject
Project("{FAE04EC0-301F-11D3-BF4B-00C04F79EFBC}") = "BasicAuthApiConsumer", "BasicAuthApiConsumer\BasicAuthApiConsumer.csproj", "{2170F03B-4973-493E-B238-AFD3242BD070}"
EndProject
Global
	GlobalSection(SolutionConfigurationPlatforms) = preSolution
		Debug|Any CPU = Debug|Any CPU
		Release|Any CPU = Release|Any CPU
	EndGlobalSection
	GlobalSection(ProjectConfigurationPlatforms) = postSolution
		{55564851-52F7-4E0B-8D0A-7680A6BD4209}.Debug|Any CPU.ActiveCfg = Debug|Any CPU
		{55564851-52F7-4E0B-8D0A-7680A6BD4209}.Debug|Any CPU.Build.0 = Debug|Any CPU
		{55564851-52F7-4E0B-8D0A-7680A6BD4209}.Release|Any CPU.ActiveCfg = Release|Any CPU
		{55564851-52F7-4E0B-8D0A-7680A6BD4209}.Release|Any CPU.Build.0 = Release|Any CPU
		{2170F03B-4973-493E-B238-AFD3242BD070}.Debug|Any CPU.ActiveCfg = Debug|Any CPU
		{2170F03B-4973-493E-B238-AFD3242BD070}.Debug|Any CPU.Build.0 = Debug|Any CPU
		{2170F03B-4973-493E-B238-AFD3242BD070}.Release|Any CPU.ActiveCfg = Release|Any CPU
		{2170F03B-4973-493E-B238-AFD3242BD070}.Release|Any CPU.Build.0 = Release|Any CPU
	EndGlobalSection
	GlobalSection(SolutionProperties) = preSolution
		HideSolutionNode = FALSE
	EndGlobalSection
	GlobalSection(ExtensibilityGlobals) = postSolution
		SolutionGuid = {3717471C-DAA3-462B-BB97-FFF889368B8C}
	EndGlobalSection
EndGlobal
