
Microsoft Visual Studio Solution File, Format Version 12.00
# Visual Studio Version 16
VisualStudioVersion = 16.0.29318.209
MinimumVisualStudioVersion = 15.0.26124.0
Project("{9A19103F-16F7-4668-BE54-9A1E7A4F7556}") = "HandwritingRecognition", "HandwritingRecognition\HandwritingRecognition.csproj", "{32967F79-3BB6-4AB4-A8C2-A154CAB4F723}"
EndProject
Project("{9A19103F-16F7-4668-BE54-9A1E7A4F7556}") = "HandwritingRecognitionML.Model", "HandwritingRecognitionML.Model\HandwritingRecognitionML.Model.csproj", "{7C32FD12-8B02-4B5B-A33B-C4526E5ECD80}"
EndProject
Project("{9A19103F-16F7-4668-BE54-9A1E7A4F7556}") = "HandwritingRecognitionML.ConsoleApp", "HandwritingRecognitionML.ConsoleApp\HandwritingRecognitionML.ConsoleApp.csproj", "{BA324F67-628D-497A-9E75-9E0588D338B7}"
EndProject
Project("{FAE04EC0-301F-11D3-BF4B-00C04F79EFBC}") = "TaxiFareML.Model", "TaxiFareML.Model\TaxiFareML.Model.csproj", "{B186D08F-B420-4712-A31E-D40F18814668}"
EndProject
Global
	GlobalSection(SolutionConfigurationPlatforms) = preSolution
		Debug|Any CPU = Debug|Any CPU
		Release|Any CPU = Release|Any CPU
	EndGlobalSection
	GlobalSection(ProjectConfigurationPlatforms) = postSolution
		{32967F79-3BB6-4AB4-A8C2-A154CAB4F723}.Debug|Any CPU.ActiveCfg = Debug|Any CPU
		{32967F79-3BB6-4AB4-A8C2-A154CAB4F723}.Debug|Any CPU.Build.0 = Debug|Any CPU
		{32967F79-3BB6-4AB4-A8C2-A154CAB4F723}.Release|Any CPU.ActiveCfg = Release|Any CPU
		{32967F79-3BB6-4AB4-A8C2-A154CAB4F723}.Release|Any CPU.Build.0 = Release|Any CPU
		{7C32FD12-8B02-4B5B-A33B-C4526E5ECD80}.Debug|Any CPU.ActiveCfg = Debug|Any CPU
		{7C32FD12-8B02-4B5B-A33B-C4526E5ECD80}.Debug|Any CPU.Build.0 = Debug|Any CPU
		{7C32FD12-8B02-4B5B-A33B-C4526E5ECD80}.Release|Any CPU.ActiveCfg = Release|Any CPU
		{7C32FD12-8B02-4B5B-A33B-C4526E5ECD80}.Release|Any CPU.Build.0 = Release|Any CPU
		{BA324F67-628D-497A-9E75-9E0588D338B7}.Debug|Any CPU.ActiveCfg = Debug|Any CPU
		{BA324F67-628D-497A-9E75-9E0588D338B7}.Debug|Any CPU.Build.0 = Debug|Any CPU
		{BA324F67-628D-497A-9E75-9E0588D338B7}.Release|Any CPU.ActiveCfg = Release|Any CPU
		{BA324F67-628D-497A-9E75-9E0588D338B7}.Release|Any CPU.Build.0 = Release|Any CPU
		{B186D08F-B420-4712-A31E-D40F18814668}.Debug|Any CPU.ActiveCfg = Debug|Any CPU
		{B186D08F-B420-4712-A31E-D40F18814668}.Debug|Any CPU.Build.0 = Debug|Any CPU
		{B186D08F-B420-4712-A31E-D40F18814668}.Release|Any CPU.ActiveCfg = Release|Any CPU
		{B186D08F-B420-4712-A31E-D40F18814668}.Release|Any CPU.Build.0 = Release|Any CPU
	EndGlobalSection
	GlobalSection(SolutionProperties) = preSolution
		HideSolutionNode = FALSE
	EndGlobalSection
	GlobalSection(ExtensibilityGlobals) = postSolution
		SolutionGuid = {3DA02493-8CCE-4BC5-8F0F-4D0D3F64D240}
	EndGlobalSection
EndGlobal
