
Microsoft Visual Studio Solution File, Format Version 12.00
# Visual Studio Version 16
VisualStudioVersion = 16.0.29123.88
MinimumVisualStudioVersion = 10.0.40219.1
Project("{9A19103F-16F7-4668-BE54-9A1E7A4F7556}") = "ConcurrencyControl", "ConcurrencyControl\ConcurrencyControl.csproj", "{F3A38915-968A-4C0E-ADF2-B9856BBA13EC}"
EndProject
Global
	GlobalSection(SolutionConfigurationPlatforms) = preSolution
		Debug|Any CPU = Debug|Any CPU
		Release|Any CPU = Release|Any CPU
	EndGlobalSection
	GlobalSection(ProjectConfigurationPlatforms) = postSolution
		{F3A38915-968A-4C0E-ADF2-B9856BBA13EC}.Debug|Any CPU.ActiveCfg = Debug|Any CPU
		{F3A38915-968A-4C0E-ADF2-B9856BBA13EC}.Debug|Any CPU.Build.0 = Debug|Any CPU
		{F3A38915-968A-4C0E-ADF2-B9856BBA13EC}.Release|Any CPU.ActiveCfg = Release|Any CPU
		{F3A38915-968A-4C0E-ADF2-B9856BBA13EC}.Release|Any CPU.Build.0 = Release|Any CPU
		{08E53EEA-20E5-4416-9B6D-BE1BA07C497D}.Debug|Any CPU.ActiveCfg = Debug|Any CPU
		{08E53EEA-20E5-4416-9B6D-BE1BA07C497D}.Debug|Any CPU.Build.0 = Debug|Any CPU
		{08E53EEA-20E5-4416-9B6D-BE1BA07C497D}.Release|Any CPU.ActiveCfg = Release|Any CPU
		{08E53EEA-20E5-4416-9B6D-BE1BA07C497D}.Release|Any CPU.Build.0 = Release|Any CPU
	EndGlobalSection
	GlobalSection(SolutionProperties) = preSolution
		HideSolutionNode = FALSE
	EndGlobalSection
	GlobalSection(ExtensibilityGlobals) = postSolution
		SolutionGuid = {5E1FD950-F4EF-4C9C-B1E2-5F9053176388}
	EndGlobalSection
EndGlobal
