
Microsoft Visual Studio Solution File, Format Version 12.00
# Visual Studio Version 16
VisualStudioVersion = 16.0.29613.14
MinimumVisualStudioVersion = 15.0.26124.0
Project("{FAE04EC0-301F-11D3-BF4B-00C04F79EFBC}") = "MyWebApp", "MyWebApp\MyWebApp.csproj", "{61B3B31C-0745-41E4-A970-52CF42A8F492}"
EndProject
Global
	GlobalSection(SolutionConfigurationPlatforms) = preSolution
		Debug|Any CPU = Debug|Any CPU
		Debug|x64 = Debug|x64
		Debug|x86 = Debug|x86
		Release|Any CPU = Release|Any CPU
		Release|x64 = Release|x64
		Release|x86 = Release|x86
	EndGlobalSection
	GlobalSection(ProjectConfigurationPlatforms) = postSolution
		{61B3B31C-0745-41E4-A970-52CF42A8F492}.Debug|Any CPU.ActiveCfg = Debug|Any CPU
		{61B3B31C-0745-41E4-A970-52CF42A8F492}.Debug|Any CPU.Build.0 = Debug|Any CPU
		{61B3B31C-0745-41E4-A970-52CF42A8F492}.Debug|x64.ActiveCfg = Debug|Any CPU
		{61B3B31C-0745-41E4-A970-52CF42A8F492}.Debug|x64.Build.0 = Debug|Any CPU
		{61B3B31C-0745-41E4-A970-52CF42A8F492}.Debug|x86.ActiveCfg = Debug|Any CPU
		{61B3B31C-0745-41E4-A970-52CF42A8F492}.Debug|x86.Build.0 = Debug|Any CPU
		{61B3B31C-0745-41E4-A970-52CF42A8F492}.Release|Any CPU.ActiveCfg = Release|Any CPU
		{61B3B31C-0745-41E4-A970-52CF42A8F492}.Release|Any CPU.Build.0 = Release|Any CPU
		{61B3B31C-0745-41E4-A970-52CF42A8F492}.Release|x64.ActiveCfg = Release|Any CPU
		{61B3B31C-0745-41E4-A970-52CF42A8F492}.Release|x64.Build.0 = Release|Any CPU
		{61B3B31C-0745-41E4-A970-52CF42A8F492}.Release|x86.ActiveCfg = Release|Any CPU
		{61B3B31C-0745-41E4-A970-52CF42A8F492}.Release|x86.Build.0 = Release|Any CPU
	EndGlobalSection
	GlobalSection(SolutionProperties) = preSolution
		HideSolutionNode = FALSE
	EndGlobalSection
	GlobalSection(ExtensibilityGlobals) = postSolution
		SolutionGuid = {3B2FEE15-AA70-4AAF-AA4A-CF4341B473B1}
	EndGlobalSection
EndGlobal
