
Microsoft Visual Studio Solution File, Format Version 12.00
# Visual Studio Version 16
VisualStudioVersion = 16.0.29318.209
MinimumVisualStudioVersion = 10.0.40219.1
Project("{9A19103F-16F7-4668-BE54-9A1E7A4F7556}") = "MyLibrary", "MyLibrary\MyLibrary.csproj", "{8C5E2C0F-C75D-4A1F-8B05-E6EDBA9F4D53}"
EndProject
Project("{9A19103F-16F7-4668-BE54-9A1E7A4F7556}") = "MyLibrary.ConsoleApp", "MyLibrary.ConsoleApp\MyLibrary.ConsoleApp.csproj", "{9F2D35D9-8042-48EC-83FD-6D859AF3734A}"
EndProject
Project("{9A19103F-16F7-4668-BE54-9A1E7A4F7556}") = "MyLibrary.WebApp", "MyLibrary.WebApp\MyLibrary.WebApp.csproj", "{B77A9B49-4376-40E4-BA7F-C3DA8D7D38F5}"
EndProject
Project("{FAE04EC0-301F-11D3-BF4B-00C04F79EFBC}") = "MyLibrary.UnitTests", "MyLibrary.UnitTests\MyLibrary.UnitTests.csproj", "{F7E4E17B-10E9-4831-AD0A-74FD64ABDE80}"
EndProject
Global
	GlobalSection(SolutionConfigurationPlatforms) = preSolution
		Debug|Any CPU = Debug|Any CPU
		Release|Any CPU = Release|Any CPU
	EndGlobalSection
	GlobalSection(ProjectConfigurationPlatforms) = postSolution
		{8C5E2C0F-C75D-4A1F-8B05-E6EDBA9F4D53}.Debug|Any CPU.ActiveCfg = Debug|Any CPU
		{8C5E2C0F-C75D-4A1F-8B05-E6EDBA9F4D53}.Debug|Any CPU.Build.0 = Debug|Any CPU
		{8C5E2C0F-C75D-4A1F-8B05-E6EDBA9F4D53}.Release|Any CPU.ActiveCfg = Release|Any CPU
		{8C5E2C0F-C75D-4A1F-8B05-E6EDBA9F4D53}.Release|Any CPU.Build.0 = Release|Any CPU
		{9F2D35D9-8042-48EC-83FD-6D859AF3734A}.Debug|Any CPU.ActiveCfg = Debug|Any CPU
		{9F2D35D9-8042-48EC-83FD-6D859AF3734A}.Debug|Any CPU.Build.0 = Debug|Any CPU
		{9F2D35D9-8042-48EC-83FD-6D859AF3734A}.Release|Any CPU.ActiveCfg = Release|Any CPU
		{9F2D35D9-8042-48EC-83FD-6D859AF3734A}.Release|Any CPU.Build.0 = Release|Any CPU
		{B77A9B49-4376-40E4-BA7F-C3DA8D7D38F5}.Debug|Any CPU.ActiveCfg = Debug|Any CPU
		{B77A9B49-4376-40E4-BA7F-C3DA8D7D38F5}.Debug|Any CPU.Build.0 = Debug|Any CPU
		{B77A9B49-4376-40E4-BA7F-C3DA8D7D38F5}.Release|Any CPU.ActiveCfg = Release|Any CPU
		{B77A9B49-4376-40E4-BA7F-C3DA8D7D38F5}.Release|Any CPU.Build.0 = Release|Any CPU
		{F7E4E17B-10E9-4831-AD0A-74FD64ABDE80}.Debug|Any CPU.ActiveCfg = Debug|Any CPU
		{F7E4E17B-10E9-4831-AD0A-74FD64ABDE80}.Debug|Any CPU.Build.0 = Debug|Any CPU
		{F7E4E17B-10E9-4831-AD0A-74FD64ABDE80}.Release|Any CPU.ActiveCfg = Release|Any CPU
		{F7E4E17B-10E9-4831-AD0A-74FD64ABDE80}.Release|Any CPU.Build.0 = Release|Any CPU
	EndGlobalSection
	GlobalSection(SolutionProperties) = preSolution
		HideSolutionNode = FALSE
	EndGlobalSection
	GlobalSection(ExtensibilityGlobals) = postSolution
		SolutionGuid = {6D431886-6848-4306-B16A-6062BA6654ED}
	EndGlobalSection
EndGlobal
