
Microsoft Visual Studio Solution File, Format Version 12.00
# Visual Studio Version 16
VisualStudioVersion = 16.0.29318.209
MinimumVisualStudioVersion = 10.0.40219.1
Project("{9A19103F-16F7-4668-BE54-9A1E7A4F7556}") = "JsonLabs", "JsonLabs\JsonLabs.csproj", "{543ACCA5-C689-47A5-8ED7-6851470E1F6A}"
EndProject
Project("{FAE04EC0-301F-11D3-BF4B-00C04F79EFBC}") = "JsonLabs.UnitTests", "JsonLabs.UnitTests\JsonLabs.UnitTests.csproj", "{77050906-6F40-4A47-8432-7C514AB817DE}"
EndProject
Global
	GlobalSection(SolutionConfigurationPlatforms) = preSolution
		Debug|Any CPU = Debug|Any CPU
		Release|Any CPU = Release|Any CPU
	EndGlobalSection
	GlobalSection(ProjectConfigurationPlatforms) = postSolution
		{543ACCA5-C689-47A5-8ED7-6851470E1F6A}.Debug|Any CPU.ActiveCfg = Debug|Any CPU
		{543ACCA5-C689-47A5-8ED7-6851470E1F6A}.Debug|Any CPU.Build.0 = Debug|Any CPU
		{543ACCA5-C689-47A5-8ED7-6851470E1F6A}.Release|Any CPU.ActiveCfg = Release|Any CPU
		{543ACCA5-C689-47A5-8ED7-6851470E1F6A}.Release|Any CPU.Build.0 = Release|Any CPU
		{77050906-6F40-4A47-8432-7C514AB817DE}.Debug|Any CPU.ActiveCfg = Debug|Any CPU
		{77050906-6F40-4A47-8432-7C514AB817DE}.Debug|Any CPU.Build.0 = Debug|Any CPU
		{77050906-6F40-4A47-8432-7C514AB817DE}.Release|Any CPU.ActiveCfg = Release|Any CPU
		{77050906-6F40-4A47-8432-7C514AB817DE}.Release|Any CPU.Build.0 = Release|Any CPU
	EndGlobalSection
	GlobalSection(SolutionProperties) = preSolution
		HideSolutionNode = FALSE
	EndGlobalSection
	GlobalSection(ExtensibilityGlobals) = postSolution
		SolutionGuid = {D60E886B-99F8-4C2A-8FA0-DE12AFADAA89}
	EndGlobalSection
EndGlobal
