
Microsoft Visual Studio Solution File, Format Version 12.00
# Visual Studio Version 16
VisualStudioVersion = 16.0.29306.81
MinimumVisualStudioVersion = 10.0.40219.1
Project("{FAE04EC0-301F-11D3-BF4B-00C04F79EFBC}") = "HelloWorld", "HelloWorld\HelloWorld.csproj", "{02E72D64-0081-4BD6-B54D-9218B11C125A}"
EndProject
Project("{FAE04EC0-301F-11D3-BF4B-00C04F79EFBC}") = "WebApi", "WebApi\WebApi.csproj", "{8F24A981-1A4E-4749-903E-2CC1E129467C}"
EndProject
Global
	GlobalSection(SolutionConfigurationPlatforms) = preSolution
		Debug|Any CPU = Debug|Any CPU
		Release|Any CPU = Release|Any CPU
	EndGlobalSection
	GlobalSection(ProjectConfigurationPlatforms) = postSolution
		{02E72D64-0081-4BD6-B54D-9218B11C125A}.Debug|Any CPU.ActiveCfg = Debug|Any CPU
		{02E72D64-0081-4BD6-B54D-9218B11C125A}.Debug|Any CPU.Build.0 = Debug|Any CPU
		{02E72D64-0081-4BD6-B54D-9218B11C125A}.Release|Any CPU.ActiveCfg = Release|Any CPU
		{02E72D64-0081-4BD6-B54D-9218B11C125A}.Release|Any CPU.Build.0 = Release|Any CPU
		{8F24A981-1A4E-4749-903E-2CC1E129467C}.Debug|Any CPU.ActiveCfg = Debug|Any CPU
		{8F24A981-1A4E-4749-903E-2CC1E129467C}.Debug|Any CPU.Build.0 = Debug|Any CPU
		{8F24A981-1A4E-4749-903E-2CC1E129467C}.Release|Any CPU.ActiveCfg = Release|Any CPU
		{8F24A981-1A4E-4749-903E-2CC1E129467C}.Release|Any CPU.Build.0 = Release|Any CPU
	EndGlobalSection
	GlobalSection(SolutionProperties) = preSolution
		HideSolutionNode = FALSE
	EndGlobalSection
	GlobalSection(ExtensibilityGlobals) = postSolution
		SolutionGuid = {095469A5-BB17-4CAD-B990-7D3F810DEA99}
	EndGlobalSection
EndGlobal
