
Microsoft Visual Studio Solution File, Format Version 12.00
# Visual Studio Version 16
VisualStudioVersion = 16.0.29230.47
MinimumVisualStudioVersion = 10.0.40219.1
Project("{9A19103F-16F7-4668-BE54-9A1E7A4F7556}") = "SemaphoreSlimThrottle", "SemaphoreSlimThrottle\SemaphoreSlimThrottle.csproj", "{F360BA5D-1CF4-4979-A799-136DB61697BB}"
EndProject
Project("{9A19103F-16F7-4668-BE54-9A1E7A4F7556}") = "ThrottledWebApi", "ThrottledWebApi\ThrottledWebApi.csproj", "{6D5B567A-BED1-4874-B60B-A8F8C4CFE248}"
EndProject
Project("{FAE04EC0-301F-11D3-BF4B-00C04F79EFBC}") = "MemoryCacheTests", "MemoryCacheTests\MemoryCacheTests.csproj", "{818FF1CE-09BB-41BC-AE09-6FDD0E3B012D}"
EndProject
Global
	GlobalSection(SolutionConfigurationPlatforms) = preSolution
		Debug|Any CPU = Debug|Any CPU
		Release|Any CPU = Release|Any CPU
	EndGlobalSection
	GlobalSection(ProjectConfigurationPlatforms) = postSolution
		{F360BA5D-1CF4-4979-A799-136DB61697BB}.Debug|Any CPU.ActiveCfg = Debug|Any CPU
		{F360BA5D-1CF4-4979-A799-136DB61697BB}.Debug|Any CPU.Build.0 = Debug|Any CPU
		{F360BA5D-1CF4-4979-A799-136DB61697BB}.Release|Any CPU.ActiveCfg = Release|Any CPU
		{F360BA5D-1CF4-4979-A799-136DB61697BB}.Release|Any CPU.Build.0 = Release|Any CPU
		{6D5B567A-BED1-4874-B60B-A8F8C4CFE248}.Debug|Any CPU.ActiveCfg = Debug|Any CPU
		{6D5B567A-BED1-4874-B60B-A8F8C4CFE248}.Debug|Any CPU.Build.0 = Debug|Any CPU
		{6D5B567A-BED1-4874-B60B-A8F8C4CFE248}.Release|Any CPU.ActiveCfg = Release|Any CPU
		{6D5B567A-BED1-4874-B60B-A8F8C4CFE248}.Release|Any CPU.Build.0 = Release|Any CPU
		{818FF1CE-09BB-41BC-AE09-6FDD0E3B012D}.Debug|Any CPU.ActiveCfg = Debug|Any CPU
		{818FF1CE-09BB-41BC-AE09-6FDD0E3B012D}.Debug|Any CPU.Build.0 = Debug|Any CPU
		{818FF1CE-09BB-41BC-AE09-6FDD0E3B012D}.Release|Any CPU.ActiveCfg = Release|Any CPU
		{818FF1CE-09BB-41BC-AE09-6FDD0E3B012D}.Release|Any CPU.Build.0 = Release|Any CPU
	EndGlobalSection
	GlobalSection(SolutionProperties) = preSolution
		HideSolutionNode = FALSE
	EndGlobalSection
	GlobalSection(ExtensibilityGlobals) = postSolution
		SolutionGuid = {A91053CA-7466-4E02-88A1-5414AED230CD}
	EndGlobalSection
EndGlobal
