
Microsoft Visual Studio Solution File, Format Version 12.00
# Visual Studio Version 16
VisualStudioVersion = 16.0.29318.209
MinimumVisualStudioVersion = 10.0.40219.1
Project("{9A19103F-16F7-4668-BE54-9A1E7A4F7556}") = "StatisticsToolbox", "StatisticsToolbox\StatisticsToolbox.csproj", "{5DF7E56D-E78B-40FE-AC3E-0BF41C5188CB}"
EndProject
Global
	GlobalSection(SolutionConfigurationPlatforms) = preSolution
		Debug|Any CPU = Debug|Any CPU
		Release|Any CPU = Release|Any CPU
	EndGlobalSection
	GlobalSection(ProjectConfigurationPlatforms) = postSolution
		{5DF7E56D-E78B-40FE-AC3E-0BF41C5188CB}.Debug|Any CPU.ActiveCfg = Debug|Any CPU
		{5DF7E56D-E78B-40FE-AC3E-0BF41C5188CB}.Debug|Any CPU.Build.0 = Debug|Any CPU
		{5DF7E56D-E78B-40FE-AC3E-0BF41C5188CB}.Release|Any CPU.ActiveCfg = Release|Any CPU
		{5DF7E56D-E78B-40FE-AC3E-0BF41C5188CB}.Release|Any CPU.Build.0 = Release|Any CPU
	EndGlobalSection
	GlobalSection(SolutionProperties) = preSolution
		HideSolutionNode = FALSE
	EndGlobalSection
	GlobalSection(ExtensibilityGlobals) = postSolution
		SolutionGuid = {4E4C4794-69C5-4FD2-8961-3235BF5EEFF9}
	EndGlobalSection
EndGlobal
