
Microsoft Visual Studio Solution File, Format Version 12.00
# Visual Studio Version 16
VisualStudioVersion = 16.0.29911.84
MinimumVisualStudioVersion = 15.0.26124.0
Project("{9A19103F-16F7-4668-BE54-9A1E7A4F7556}") = "Demo", "Demo\Demo.csproj", "{A41310B0-442D-46FD-9B4D-93230E8A86D2}"
EndProject
Project("{9A19103F-16F7-4668-BE54-9A1E7A4F7556}") = "Demo.IntegrationTests", "Demo.IntegrationTests\Demo.IntegrationTests.csproj", "{5EFF212D-F262-494D-9A84-BA4687D944E8}"
EndProject
Global
	GlobalSection(SolutionConfigurationPlatforms) = preSolution
		Debug|Any CPU = Debug|Any CPU
		Debug|x64 = Debug|x64
		Debug|x86 = Debug|x86
		Release|Any CPU = Release|Any CPU
		Release|x64 = Release|x64
		Release|x86 = Release|x86
	EndGlobalSection
	GlobalSection(ProjectConfigurationPlatforms) = postSolution
		{A41310B0-442D-46FD-9B4D-93230E8A86D2}.Debug|Any CPU.ActiveCfg = Debug|Any CPU
		{A41310B0-442D-46FD-9B4D-93230E8A86D2}.Debug|Any CPU.Build.0 = Debug|Any CPU
		{A41310B0-442D-46FD-9B4D-93230E8A86D2}.Debug|x64.ActiveCfg = Debug|Any CPU
		{A41310B0-442D-46FD-9B4D-93230E8A86D2}.Debug|x64.Build.0 = Debug|Any CPU
		{A41310B0-442D-46FD-9B4D-93230E8A86D2}.Debug|x86.ActiveCfg = Debug|Any CPU
		{A41310B0-442D-46FD-9B4D-93230E8A86D2}.Debug|x86.Build.0 = Debug|Any CPU
		{A41310B0-442D-46FD-9B4D-93230E8A86D2}.Release|Any CPU.ActiveCfg = Release|Any CPU
		{A41310B0-442D-46FD-9B4D-93230E8A86D2}.Release|Any CPU.Build.0 = Release|Any CPU
		{A41310B0-442D-46FD-9B4D-93230E8A86D2}.Release|x64.ActiveCfg = Release|Any CPU
		{A41310B0-442D-46FD-9B4D-93230E8A86D2}.Release|x64.Build.0 = Release|Any CPU
		{A41310B0-442D-46FD-9B4D-93230E8A86D2}.Release|x86.ActiveCfg = Release|Any CPU
		{A41310B0-442D-46FD-9B4D-93230E8A86D2}.Release|x86.Build.0 = Release|Any CPU
		{5EFF212D-F262-494D-9A84-BA4687D944E8}.Debug|Any CPU.ActiveCfg = Debug|Any CPU
		{5EFF212D-F262-494D-9A84-BA4687D944E8}.Debug|Any CPU.Build.0 = Debug|Any CPU
		{5EFF212D-F262-494D-9A84-BA4687D944E8}.Debug|x64.ActiveCfg = Debug|Any CPU
		{5EFF212D-F262-494D-9A84-BA4687D944E8}.Debug|x64.Build.0 = Debug|Any CPU
		{5EFF212D-F262-494D-9A84-BA4687D944E8}.Debug|x86.ActiveCfg = Debug|Any CPU
		{5EFF212D-F262-494D-9A84-BA4687D944E8}.Debug|x86.Build.0 = Debug|Any CPU
		{5EFF212D-F262-494D-9A84-BA4687D944E8}.Release|Any CPU.ActiveCfg = Release|Any CPU
		{5EFF212D-F262-494D-9A84-BA4687D944E8}.Release|Any CPU.Build.0 = Release|Any CPU
		{5EFF212D-F262-494D-9A84-BA4687D944E8}.Release|x64.ActiveCfg = Release|Any CPU
		{5EFF212D-F262-494D-9A84-BA4687D944E8}.Release|x64.Build.0 = Release|Any CPU
		{5EFF212D-F262-494D-9A84-BA4687D944E8}.Release|x86.ActiveCfg = Release|Any CPU
		{5EFF212D-F262-494D-9A84-BA4687D944E8}.Release|x86.Build.0 = Release|Any CPU
	EndGlobalSection
	GlobalSection(SolutionProperties) = preSolution
		HideSolutionNode = FALSE
	EndGlobalSection
	GlobalSection(ExtensibilityGlobals) = postSolution
		SolutionGuid = {828CEE46-5E54-4CE9-822F-8ACF23CADCA2}
	EndGlobalSection
EndGlobal
